
Microsoft Visual Studio Solution File, Format Version 12.00
# Visual Studio Version 16
VisualStudioVersion = 16.0.32901.82
MinimumVisualStudioVersion = 10.0.40219.1
Project("{FAE04EC0-301F-11D3-BF4B-00C04F79EFBC}") = "Discount", "Discount\Discount.csproj", "{340FDCD8-D4B5-4377-8CB3-8315AEA9A63D}"
EndProject
Global
	GlobalSection(SolutionConfigurationPlatforms) = preSolution
		Debug|Any CPU = Debug|Any CPU
		Release|Any CPU = Release|Any CPU
	EndGlobalSection
	GlobalSection(ProjectConfigurationPlatforms) = postSolution
		{340FDCD8-D4B5-4377-8CB3-8315AEA9A63D}.Debug|Any CPU.ActiveCfg = Debug|Any CPU
		{340FDCD8-D4B5-4377-8CB3-8315AEA9A63D}.Debug|Any CPU.Build.0 = Debug|Any CPU
		{340FDCD8-D4B5-4377-8CB3-8315AEA9A63D}.Release|Any CPU.ActiveCfg = Release|Any CPU
		{340FDCD8-D4B5-4377-8CB3-8315AEA9A63D}.Release|Any CPU.Build.0 = Release|Any CPU
	EndGlobalSection
	GlobalSection(SolutionProperties) = preSolution
		HideSolutionNode = FALSE
	EndGlobalSection
	GlobalSection(ExtensibilityGlobals) = postSolution
		SolutionGuid = {9BF8CA6D-AC58-478B-B977-094AE31A83BF}
	EndGlobalSection
EndGlobal
